
Microsoft Visual Studio Solution File, Format Version 12.00
# Visual Studio Version 16
VisualStudioVersion = 16.0.32510.428
MinimumVisualStudioVersion = 10.0.40219.1
Project("{FAE04EC0-301F-11D3-BF4B-00C04F79EFBC}") = "WebApi", "WebApi\WebApi.csproj", "{BA01B6F0-95A8-41D3-8CCC-E1C0AB8F9DB8}"
EndProject
Global
	GlobalSection(SolutionConfigurationPlatforms) = preSolution
		Debug|Any CPU = Debug|Any CPU
		Release|Any CPU = Release|Any CPU
	EndGlobalSection
	GlobalSection(ProjectConfigurationPlatforms) = postSolution
		{BA01B6F0-95A8-41D3-8CCC-E1C0AB8F9DB8}.Debug|Any CPU.ActiveCfg = Debug|Any CPU
		{BA01B6F0-95A8-41D3-8CCC-E1C0AB8F9DB8}.Debug|Any CPU.Build.0 = Debug|Any CPU
		{BA01B6F0-95A8-41D3-8CCC-E1C0AB8F9DB8}.Release|Any CPU.ActiveCfg = Release|Any CPU
		{BA01B6F0-95A8-41D3-8CCC-E1C0AB8F9DB8}.Release|Any CPU.Build.0 = Release|Any CPU
	EndGlobalSection
	GlobalSection(SolutionProperties) = preSolution
		HideSolutionNode = FALSE
	EndGlobalSection
	GlobalSection(ExtensibilityGlobals) = postSolution
		SolutionGuid = {9A32D276-0AAA-40FE-A8C4-BD4C4B909031}
	EndGlobalSection
EndGlobal
